
Microsoft Visual Studio Solution File, Format Version 12.00
# Visual Studio 15
VisualStudioVersion = 15.0.28307.779
MinimumVisualStudioVersion = 10.0.40219.1
Project("{FAE04EC0-301F-11D3-BF4B-00C04F79EFBC}") = "ciclofor", "ciclofor\ciclofor.csproj", "{41823F75-5C1E-4287-BDE8-8C56D3CE192F}"
EndProject
Global
	GlobalSection(SolutionConfigurationPlatforms) = preSolution
		Debug|Any CPU = Debug|Any CPU
		Release|Any CPU = Release|Any CPU
	EndGlobalSection
	GlobalSection(ProjectConfigurationPlatforms) = postSolution
		{41823F75-5C1E-4287-BDE8-8C56D3CE192F}.Debug|Any CPU.ActiveCfg = Debug|Any CPU
		{41823F75-5C1E-4287-BDE8-8C56D3CE192F}.Debug|Any CPU.Build.0 = Debug|Any CPU
		{41823F75-5C1E-4287-BDE8-8C56D3CE192F}.Release|Any CPU.ActiveCfg = Release|Any CPU
		{41823F75-5C1E-4287-BDE8-8C56D3CE192F}.Release|Any CPU.Build.0 = Release|Any CPU
	EndGlobalSection
	GlobalSection(SolutionProperties) = preSolution
		HideSolutionNode = FALSE
	EndGlobalSection
	GlobalSection(ExtensibilityGlobals) = postSolution
		SolutionGuid = {31817619-9846-4773-A38E-6DC0A9FA89DE}
	EndGlobalSection
EndGlobal
